
Microsoft Visual Studio Solution File, Format Version 12.00
# Visual Studio Version 17
VisualStudioVersion = 17.1.32421.90
MinimumVisualStudioVersion = 10.0.40219.1
Project("{FAE04EC0-301F-11D3-BF4B-00C04F79EFBC}") = "kt7", "kt7\kt7.csproj", "{4F58677E-C511-4E3B-9D75-ACE8B14A0581}"
EndProject
Global
	GlobalSection(SolutionConfigurationPlatforms) = preSolution
		Debug|Any CPU = Debug|Any CPU
		Release|Any CPU = Release|Any CPU
	EndGlobalSection
	GlobalSection(ProjectConfigurationPlatforms) = postSolution
		{4F58677E-C511-4E3B-9D75-ACE8B14A0581}.Debug|Any CPU.ActiveCfg = Debug|Any CPU
		{4F58677E-C511-4E3B-9D75-ACE8B14A0581}.Debug|Any CPU.Build.0 = Debug|Any CPU
		{4F58677E-C511-4E3B-9D75-ACE8B14A0581}.Release|Any CPU.ActiveCfg = Release|Any CPU
		{4F58677E-C511-4E3B-9D75-ACE8B14A0581}.Release|Any CPU.Build.0 = Release|Any CPU
	EndGlobalSection
	GlobalSection(SolutionProperties) = preSolution
		HideSolutionNode = FALSE
	EndGlobalSection
	GlobalSection(ExtensibilityGlobals) = postSolution
		SolutionGuid = {EC774E36-3342-4106-8209-D5E2B899332D}
	EndGlobalSection
EndGlobal
